<?xml version="1.0" encoding="UTF-8" standalone="yes" ?>
<CodeBlocks_project_file>
	<FileVersion major="1" minor="6" />
	<Project>
		<Option title="AFGL_FILE_v2" />
		<Option pch_mode="2" />
		<Option compiler="gcc" />
		<Build>
			<Target title="Debug">
				<Option output="bin/Debug/AFGL_FILE_v2" prefix_auto="1" extension_auto="1" />
				<Option object_output="obj/Debug/" />
				<Option type="1" />
				<Option compiler="gcc" />
				<Compiler>
					<Add option="-g" />
				</Compiler>
			</Target>
			<Target title="Release">
				<Option output="bin/Release/AFGL_FILE_v2" prefix_auto="1" extension_auto="1" />
				<Option object_output="obj/Release/" />
				<Option type="1" />
				<Option compiler="gcc" />
				<Compiler>
					<Add option="-O2" />
				</Compiler>
				<Linker>
					<Add option="-s" />
				</Linker>
			</Target>
		</Build>
		<Compiler>
			<Add option="-Wall" />
		</Compiler>
		<Unit filename="Utils/equal/equal.c">
			<Option compilerVar="CC" />
			<Option target="&lt;{~None~}&gt;" />
		</Unit>
		<Unit filename="Utils/equal/equal.h">
			<Option target="&lt;{~None~}&gt;" />
		</Unit>
		<Unit filename="Utils/equal/equal_test.c">
			<Option compilerVar="CC" />
			<Option target="&lt;{~None~}&gt;" />
		</Unit>
		<Unit filename="Utils/mismatch/mismatch.c">
			<Option compilerVar="CC" />
			<Option target="&lt;{~None~}&gt;" />
		</Unit>
		<Unit filename="Utils/mismatch/mismatch.h">
			<Option target="&lt;{~None~}&gt;" />
		</Unit>
		<Unit filename="Utils/mismatch/mismatch_test.c">
			<Option compilerVar="CC" />
			<Option target="&lt;{~None~}&gt;" />
		</Unit>
		<Unit filename="fileSpec.spec" />
		<Unit filename="file_empty/file_empty.c">
			<Option compilerVar="CC" />
			<Option target="&lt;{~None~}&gt;" />
		</Unit>
		<Unit filename="file_empty/file_empty.h">
			<Option target="&lt;{~None~}&gt;" />
		</Unit>
		<Unit filename="file_empty/file_empty_test.c">
			<Option compilerVar="CC" />
			<Option target="&lt;{~None~}&gt;" />
		</Unit>
		<Unit filename="file_equal/file_equal.c">
			<Option compilerVar="CC" />
			<Option target="&lt;{~None~}&gt;" />
		</Unit>
		<Unit filename="file_equal/file_equal.h">
			<Option target="&lt;{~None~}&gt;" />
		</Unit>
		<Unit filename="file_equal/file_equal_test.c">
			<Option compilerVar="CC" />
			<Option target="&lt;{~None~}&gt;" />
		</Unit>
		<Unit filename="file_full/file_full.c">
			<Option compilerVar="CC" />
			<Option target="&lt;{~None~}&gt;" />
		</Unit>
		<Unit filename="file_full/file_full.h">
			<Option target="&lt;{~None~}&gt;" />
		</Unit>
		<Unit filename="file_full/file_full_test.c">
			<Option compilerVar="CC" />
			<Option target="&lt;{~None~}&gt;" />
		</Unit>
		<Unit filename="file_init/file_init.c">
			<Option compilerVar="CC" />
			<Option target="&lt;{~None~}&gt;" />
		</Unit>
		<Unit filename="file_init/file_init.h">
			<Option target="&lt;{~None~}&gt;" />
		</Unit>
		<Unit filename="file_init/file_init_test.c">
			<Option compilerVar="CC" />
			<Option target="&lt;{~None~}&gt;" />
		</Unit>
		<Unit filename="file_init/file_init_test.h">
			<Option target="&lt;{~None~}&gt;" />
		</Unit>
		<Unit filename="file_pull/file_pull.c">
			<Option compilerVar="CC" />
			<Option target="&lt;{~None~}&gt;" />
		</Unit>
		<Unit filename="file_pull/file_pull.h">
			<Option target="&lt;{~None~}&gt;" />
		</Unit>
		<Unit filename="file_pull/file_pull_test.c">
			<Option compilerVar="CC" />
			<Option target="&lt;{~None~}&gt;" />
		</Unit>
		<Unit filename="file_put/file_put.c">
			<Option compilerVar="CC" />
			<Option target="&lt;{~None~}&gt;" />
		</Unit>
		<Unit filename="file_put/file_put.h">
			<Option target="&lt;{~None~}&gt;" />
		</Unit>
		<Unit filename="file_put/file_put_test.c">
			<Option compilerVar="CC" />
			<Option target="&lt;{~None~}&gt;" />
		</Unit>
		<Unit filename="file_reverse/file_reverse.c">
			<Option compilerVar="CC" />
			<Option target="&lt;{~None~}&gt;" />
		</Unit>
		<Unit filename="file_reverse/file_reverse.h">
			<Option target="&lt;{~None~}&gt;" />
		</Unit>
		<Unit filename="file_reverse/file_reverse_test.c">
			<Option compilerVar="CC" />
			<Option target="&lt;{~None~}&gt;" />
		</Unit>
		<Unit filename="file_size1/file_size1.c">
			<Option compilerVar="CC" />
			<Option target="&lt;{~None~}&gt;" />
		</Unit>
		<Unit filename="file_size1/file_size1.h">
			<Option target="&lt;{~None~}&gt;" />
		</Unit>
		<Unit filename="file_size1/file_size1_test.c">
			<Option compilerVar="CC" />
			<Option target="&lt;{~None~}&gt;" />
		</Unit>
		<Unit filename="file_size2/file_size2.c">
			<Option compilerVar="CC" />
			<Option target="&lt;{~None~}&gt;" />
		</Unit>
		<Unit filename="file_size2/file_size2.h">
			<Option target="&lt;{~None~}&gt;" />
		</Unit>
		<Unit filename="file_size2/file_size2_test.c">
			<Option compilerVar="CC" />
			<Option target="&lt;{~None~}&gt;" />
		</Unit>
		<Unit filename="file_size/file_size.c">
			<Option compilerVar="CC" />
			<Option target="&lt;{~None~}&gt;" />
		</Unit>
		<Unit filename="file_size/file_size.h">
			<Option target="&lt;{~None~}&gt;" />
		</Unit>
		<Unit filename="file_size/file_size_test.c">
			<Option compilerVar="CC" />
			<Option target="&lt;{~None~}&gt;" />
		</Unit>
		<Unit filename="headers/file.h">
			<Option target="&lt;{~None~}&gt;" />
		</Unit>
		<Unit filename="headers/typedef.h">
			<Option target="&lt;{~None~}&gt;" />
		</Unit>
		<Unit filename="main.c">
			<Option compilerVar="CC" />
		</Unit>
		<Extensions>
			<code_completion />
			<envvars />
			<debugger />
		</Extensions>
	</Project>
</CodeBlocks_project_file>
